// !$*UTF8*$!
{
	archiveVersion = 1;
	classes = {
	};
	objectVersion = 46;
	objects = {

/* Begin PBXBuildFile section */
		7EF729DFE4E3A4E6AE02E0C1 /* libPods-ShenmaoProject.a in Frameworks */ = {isa = PBXBuildFile; fileRef = 89E6D8B8813D4AF67E791135 /* libPods-ShenmaoProject.a */; };
		E86433911D88E2A000042D94 /* HomePageView.m in Sources */ = {isa = PBXBuildFile; fileRef = E86433901D88E2A000042D94 /* HomePageView.m */; };
		E87746451D9115F3001BABB5 /* DZNSegmentedControl.m in Sources */ = {isa = PBXBuildFile; fileRef = E87746421D9115F3001BABB5 /* DZNSegmentedControl.m */; };
		E87746461D9115F3001BABB5 /* UIScrollView+DZNSegmentedControl.m in Sources */ = {isa = PBXBuildFile; fileRef = E87746441D9115F3001BABB5 /* UIScrollView+DZNSegmentedControl.m */; };
		E877464D1D91344B001BABB5 /* BaseItem.m in Sources */ = {isa = PBXBuildFile; fileRef = E877464C1D91344B001BABB5 /* BaseItem.m */; };
		E87746511D9139BC001BABB5 /* SearchViewController.m in Sources */ = {isa = PBXBuildFile; fileRef = E87746501D9139BC001BABB5 /* SearchViewController.m */; };
		E8DA29C91D8E62B70053DB84 /* UIView+MLBShowHUD.m in Sources */ = {isa = PBXBuildFile; fileRef = E8DA29C81D8E62B70053DB84 /* UIView+MLBShowHUD.m */; };
		E8DA29CC1D8E76B50053DB84 /* NSString+MLBUtilities.m in Sources */ = {isa = PBXBuildFile; fileRef = E8DA29CB1D8E76B50053DB84 /* NSString+MLBUtilities.m */; };
		E8DA63591D87D0E400E68DEB /* SMHttpRequste.m in Sources */ = {isa = PBXBuildFile; fileRef = E8DA63581D87D0E400E68DEB /* SMHttpRequste.m */; };
		E8DA63631D87E8C400E68DEB /* HomeViewController.m in Sources */ = {isa = PBXBuildFile; fileRef = E8DA63601D87E8C400E68DEB /* HomeViewController.m */; };
		E8DA63661D87E90900E68DEB /* HomeModel.m in Sources */ = {isa = PBXBuildFile; fileRef = E8DA63651D87E90900E68DEB /* HomeModel.m */; };
		E8E80AF71D87952F001B0A9E /* UIView+Frame.m in Sources */ = {isa = PBXBuildFile; fileRef = E8E80AF61D87952F001B0A9E /* UIView+Frame.m */; };
		E8EB3F961D867A250078CCD6 /* UIButton+CustomButton.m in Sources */ = {isa = PBXBuildFile; fileRef = E8EB3F951D867A250078CCD6 /* UIButton+CustomButton.m */; };
		EA155F471D83111700A62338 /* main.m in Sources */ = {isa = PBXBuildFile; fileRef = EA155F461D83111700A62338 /* main.m */; };
		EA155F4A1D83111700A62338 /* AppDelegate.m in Sources */ = {isa = PBXBuildFile; fileRef = EA155F491D83111700A62338 /* AppDelegate.m */; };
		EA155F521D83111700A62338 /* Assets.xcassets in Resources */ = {isa = PBXBuildFile; fileRef = EA155F511D83111700A62338 /* Assets.xcassets */; };
		EA155F551D83111700A62338 /* LaunchScreen.storyboard in Resources */ = {isa = PBXBuildFile; fileRef = EA155F531D83111700A62338 /* LaunchScreen.storyboard */; };
		EA155F681D83169F00A62338 /* CustomViewController.m in Sources */ = {isa = PBXBuildFile; fileRef = EA155F671D83169F00A62338 /* CustomViewController.m */; };
		EA155F6E1D83189200A62338 /* MovieViewController.m in Sources */ = {isa = PBXBuildFile; fileRef = EA155F6D1D83189200A62338 /* MovieViewController.m */; };
		EA155F711D8318A100A62338 /* MusicViewController.m in Sources */ = {isa = PBXBuildFile; fileRef = EA155F701D8318A100A62338 /* MusicViewController.m */; };
		EA155F741D8318AA00A62338 /* ReadingViewController.m in Sources */ = {isa = PBXBuildFile; fileRef = EA155F731D8318AA00A62338 /* ReadingViewController.m */; };
		EA155F771D8319E100A62338 /* MainNavigationViewController.m in Sources */ = {isa = PBXBuildFile; fileRef = EA155F761D8319E100A62338 /* MainNavigationViewController.m */; };
		EAD5634B1D84905800CA79C2 /* UIButton+UIBarButtonItem.m in Sources */ = {isa = PBXBuildFile; fileRef = EAD5634A1D84905800CA79C2 /* UIButton+UIBarButtonItem.m */; };
		EAD5634E1D852FC000CA79C2 /* ShenmaoBaseViewController.m in Sources */ = {isa = PBXBuildFile; fileRef = EAD5634D1D852FC000CA79C2 /* ShenmaoBaseViewController.m */; };
/* End PBXBuildFile section */

/* Begin PBXFileReference section */
		240050ED4BBAFACB65BEDF9F /* Pods-ShenmaoProject.release.xcconfig */ = {isa = PBXFileReference; includeInIndex = 1; lastKnownFileType = text.xcconfig; name = "Pods-ShenmaoProject.release.xcconfig"; path = "Pods/Target Support Files/Pods-ShenmaoProject/Pods-ShenmaoProject.release.xcconfig"; sourceTree = "<group>"; };
		89E6D8B8813D4AF67E791135 /* libPods-ShenmaoProject.a */ = {isa = PBXFileReference; explicitFileType = archive.ar; includeInIndex = 0; path = "libPods-ShenmaoProject.a"; sourceTree = BUILT_PRODUCTS_DIR; };
		E864338F1D88E2A000042D94 /* HomePageView.h */ = {isa = PBXFileReference; fileEncoding = 4; lastKnownFileType = sourcecode.c.h; name = HomePageView.h; path = "ShenmaoProject/Classes/Home(首页)/View/HomePageView.h"; sourceTree = SOURCE_ROOT; };
		E86433901D88E2A000042D94 /* HomePageView.m */ = {isa = PBXFileReference; fileEncoding = 4; lastKnownFileType = sourcecode.c.objc; name = HomePageView.m; path = "ShenmaoProject/Classes/Home(首页)/View/HomePageView.m"; sourceTree = SOURCE_ROOT; };
		E87746411D9115F3001BABB5 /* DZNSegmentedControl.h */ = {isa = PBXFileReference; fileEncoding = 4; lastKnownFileType = sourcecode.c.h; path = DZNSegmentedControl.h; sourceTree = "<group>"; };
		E87746421D9115F3001BABB5 /* DZNSegmentedControl.m */ = {isa = PBXFileReference; fileEncoding = 4; lastKnownFileType = sourcecode.c.objc; path = DZNSegmentedControl.m; sourceTree = "<group>"; };
		E87746431D9115F3001BABB5 /* UIScrollView+DZNSegmentedControl.h */ = {isa = PBXFileReference; fileEncoding = 4; lastKnownFileType = sourcecode.c.h; path = "UIScrollView+DZNSegmentedControl.h"; sourceTree = "<group>"; };
		E87746441D9115F3001BABB5 /* UIScrollView+DZNSegmentedControl.m */ = {isa = PBXFileReference; fileEncoding = 4; lastKnownFileType = sourcecode.c.objc; path = "UIScrollView+DZNSegmentedControl.m"; sourceTree = "<group>"; };
		E877464B1D91344B001BABB5 /* BaseItem.h */ = {isa = PBXFileReference; fileEncoding = 4; lastKnownFileType = sourcecode.c.h; path = BaseItem.h; sourceTree = "<group>"; };
		E877464C1D91344B001BABB5 /* BaseItem.m */ = {isa = PBXFileReference; fileEncoding = 4; lastKnownFileType = sourcecode.c.objc; path = BaseItem.m; sourceTree = "<group>"; };
		E877464F1D9139BC001BABB5 /* SearchViewController.h */ = {isa = PBXFileReference; fileEncoding = 4; lastKnownFileType = sourcecode.c.h; path = SearchViewController.h; sourceTree = "<group>"; };
		E87746501D9139BC001BABB5 /* SearchViewController.m */ = {isa = PBXFileReference; fileEncoding = 4; lastKnownFileType = sourcecode.c.objc; path = SearchViewController.m; sourceTree = "<group>"; };
		E8DA29C71D8E62B70053DB84 /* UIView+MLBShowHUD.h */ = {isa = PBXFileReference; fileEncoding = 4; lastKnownFileType = sourcecode.c.h; path = "UIView+MLBShowHUD.h"; sourceTree = "<group>"; };
		E8DA29C81D8E62B70053DB84 /* UIView+MLBShowHUD.m */ = {isa = PBXFileReference; fileEncoding = 4; lastKnownFileType = sourcecode.c.objc; path = "UIView+MLBShowHUD.m"; sourceTree = "<group>"; };
		E8DA29CA1D8E76B50053DB84 /* NSString+MLBUtilities.h */ = {isa = PBXFileReference; fileEncoding = 4; lastKnownFileType = sourcecode.c.h; path = "NSString+MLBUtilities.h"; sourceTree = "<group>"; };
		E8DA29CB1D8E76B50053DB84 /* NSString+MLBUtilities.m */ = {isa = PBXFileReference; fileEncoding = 4; lastKnownFileType = sourcecode.c.objc; path = "NSString+MLBUtilities.m"; sourceTree = "<group>"; };
		E8DA63501D87CD6100E68DEB /* ApiConstansts.h */ = {isa = PBXFileReference; fileEncoding = 4; lastKnownFileType = sourcecode.c.h; path = ApiConstansts.h; sourceTree = "<group>"; };
		E8DA63571D87D0E400E68DEB /* SMHttpRequste.h */ = {isa = PBXFileReference; fileEncoding = 4; lastKnownFileType = sourcecode.c.h; path = SMHttpRequste.h; sourceTree = "<group>"; };
		E8DA63581D87D0E400E68DEB /* SMHttpRequste.m */ = {isa = PBXFileReference; fileEncoding = 4; lastKnownFileType = sourcecode.c.objc; path = SMHttpRequste.m; sourceTree = "<group>"; };
		E8DA635B1D87E24300E68DEB /* Constent.h */ = {isa = PBXFileReference; fileEncoding = 4; lastKnownFileType = sourcecode.c.h; path = Constent.h; sourceTree = "<group>"; };
		E8DA635C1D87E38F00E68DEB /* XSMMacros.h */ = {isa = PBXFileReference; fileEncoding = 4; lastKnownFileType = sourcecode.c.h; path = XSMMacros.h; sourceTree = "<group>"; };
		E8DA635F1D87E8C400E68DEB /* HomeViewController.h */ = {isa = PBXFileReference; fileEncoding = 4; lastKnownFileType = sourcecode.c.h; path = HomeViewController.h; sourceTree = "<group>"; };
		E8DA63601D87E8C400E68DEB /* HomeViewController.m */ = {isa = PBXFileReference; fileEncoding = 4; lastKnownFileType = sourcecode.c.objc; path = HomeViewController.m; sourceTree = "<group>"; };
		E8DA63641D87E90900E68DEB /* HomeModel.h */ = {isa = PBXFileReference; fileEncoding = 4; lastKnownFileType = sourcecode.c.h; path = HomeModel.h; sourceTree = "<group>"; };
		E8DA63651D87E90900E68DEB /* HomeModel.m */ = {isa = PBXFileReference; fileEncoding = 4; lastKnownFileType = sourcecode.c.objc; path = HomeModel.m; sourceTree = "<group>"; };
		E8E80AF51D87952F001B0A9E /* UIView+Frame.h */ = {isa = PBXFileReference; fileEncoding = 4; lastKnownFileType = sourcecode.c.h; path = "UIView+Frame.h"; sourceTree = "<group>"; };
		E8E80AF61D87952F001B0A9E /* UIView+Frame.m */ = {isa = PBXFileReference; fileEncoding = 4; lastKnownFileType = sourcecode.c.objc; path = "UIView+Frame.m"; sourceTree = "<group>"; };
		E8EB3F941D867A250078CCD6 /* UIButton+CustomButton.h */ = {isa = PBXFileReference; fileEncoding = 4; lastKnownFileType = sourcecode.c.h; path = "UIButton+CustomButton.h"; sourceTree = "<group>"; };
		E8EB3F951D867A250078CCD6 /* UIButton+CustomButton.m */ = {isa = PBXFileReference; fileEncoding = 4; lastKnownFileType = sourcecode.c.objc; path = "UIButton+CustomButton.m"; sourceTree = "<group>"; };
		E8EB3F9B1D8686A90078CCD6 /* PrefixHeader.pch */ = {isa = PBXFileReference; fileEncoding = 4; lastKnownFileType = sourcecode.c.h; path = PrefixHeader.pch; sourceTree = "<group>"; };
		EA155F421D83111700A62338 /* ShenmaoProject.app */ = {isa = PBXFileReference; explicitFileType = wrapper.application; includeInIndex = 0; path = ShenmaoProject.app; sourceTree = BUILT_PRODUCTS_DIR; };
		EA155F461D83111700A62338 /* main.m */ = {isa = PBXFileReference; lastKnownFileType = sourcecode.c.objc; path = main.m; sourceTree = "<group>"; };
		EA155F481D83111700A62338 /* AppDelegate.h */ = {isa = PBXFileReference; lastKnownFileType = sourcecode.c.h; path = AppDelegate.h; sourceTree = "<group>"; };
		EA155F491D83111700A62338 /* AppDelegate.m */ = {isa = PBXFileReference; lastKnownFileType = sourcecode.c.objc; path = AppDelegate.m; sourceTree = "<group>"; };
		EA155F511D83111700A62338 /* Assets.xcassets */ = {isa = PBXFileReference; lastKnownFileType = folder.assetcatalog; path = Assets.xcassets; sourceTree = "<group>"; };
		EA155F541D83111700A62338 /* Base */ = {isa = PBXFileReference; lastKnownFileType = file.storyboard; name = Base; path = Base.lproj/LaunchScreen.storyboard; sourceTree = "<group>"; };
		EA155F561D83111700A62338 /* Info.plist */ = {isa = PBXFileReference; lastKnownFileType = text.plist.xml; path = Info.plist; sourceTree = "<group>"; };
		EA155F661D83169F00A62338 /* CustomViewController.h */ = {isa = PBXFileReference; fileEncoding = 4; lastKnownFileType = sourcecode.c.h; path = CustomViewController.h; sourceTree = "<group>"; };
		EA155F671D83169F00A62338 /* CustomViewController.m */ = {isa = PBXFileReference; fileEncoding = 4; lastKnownFileType = sourcecode.c.objc; path = CustomViewController.m; sourceTree = "<group>"; };
		EA155F6C1D83189200A62338 /* MovieViewController.h */ = {isa = PBXFileReference; fileEncoding = 4; lastKnownFileType = sourcecode.c.h; path = MovieViewController.h; sourceTree = "<group>"; };
		EA155F6D1D83189200A62338 /* MovieViewController.m */ = {isa = PBXFileReference; fileEncoding = 4; lastKnownFileType = sourcecode.c.objc; path = MovieViewController.m; sourceTree = "<group>"; };
		EA155F6F1D8318A100A62338 /* MusicViewController.h */ = {isa = PBXFileReference; fileEncoding = 4; lastKnownFileType = sourcecode.c.h; path = MusicViewController.h; sourceTree = "<group>"; };
		EA155F701D8318A100A62338 /* MusicViewController.m */ = {isa = PBXFileReference; fileEncoding = 4; lastKnownFileType = sourcecode.c.objc; path = MusicViewController.m; sourceTree = "<group>"; };
		EA155F721D8318AA00A62338 /* ReadingViewController.h */ = {isa = PBXFileReference; fileEncoding = 4; lastKnownFileType = sourcecode.c.h; path = ReadingViewController.h; sourceTree = "<group>"; };
		EA155F731D8318AA00A62338 /* ReadingViewController.m */ = {isa = PBXFileReference; fileEncoding = 4; lastKnownFileType = sourcecode.c.objc; path = ReadingViewController.m; sourceTree = "<group>"; };
		EA155F751D8319E100A62338 /* MainNavigationViewController.h */ = {isa = PBXFileReference; fileEncoding = 4; lastKnownFileType = sourcecode.c.h; path = MainNavigationViewController.h; sourceTree = "<group>"; };
		EA155F761D8319E100A62338 /* MainNavigationViewController.m */ = {isa = PBXFileReference; fileEncoding = 4; lastKnownFileType = sourcecode.c.objc; path = MainNavigationViewController.m; sourceTree = "<group>"; };
		EAD563491D84905800CA79C2 /* UIBarButtonItem+CustomUIBarButton.h */ = {isa = PBXFileReference; fileEncoding = 4; lastKnownFileType = sourcecode.c.h; path = "UIBarButtonItem+CustomUIBarButton.h"; sourceTree = "<group>"; };
		EAD5634A1D84905800CA79C2 /* UIButton+UIBarButtonItem.m */ = {isa = PBXFileReference; fileEncoding = 4; lastKnownFileType = sourcecode.c.objc; path = "UIButton+UIBarButtonItem.m"; sourceTree = "<group>"; };
		EAD5634C1D852FC000CA79C2 /* ShenmaoBaseViewController.h */ = {isa = PBXFileReference; fileEncoding = 4; lastKnownFileType = sourcecode.c.h; path = ShenmaoBaseViewController.h; sourceTree = "<group>"; };
		EAD5634D1D852FC000CA79C2 /* ShenmaoBaseViewController.m */ = {isa = PBXFileReference; fileEncoding = 4; lastKnownFileType = sourcecode.c.objc; path = ShenmaoBaseViewController.m; sourceTree = "<group>"; };
		F14FC312EDB60C9E57FB291C /* Pods-ShenmaoProject.debug.xcconfig */ = {isa = PBXFileReference; includeInIndex = 1; lastKnownFileType = text.xcconfig; name = "Pods-ShenmaoProject.debug.xcconfig"; path = "Pods/Target Support Files/Pods-ShenmaoProject/Pods-ShenmaoProject.debug.xcconfig"; sourceTree = "<group>"; };
/* End PBXFileReference section */

/* Begin PBXFrameworksBuildPhase section */
		EA155F3F1D83111700A62338 /* Frameworks */ = {
			isa = PBXFrameworksBuildPhase;
			buildActionMask = 2147483647;
			files = (
				7EF729DFE4E3A4E6AE02E0C1 /* libPods-ShenmaoProject.a in Frameworks */,
			);
			runOnlyForDeploymentPostprocessing = 0;
		};
/* End PBXFrameworksBuildPhase section */

/* Begin PBXGroup section */
		35B85CC7CD88A919D6EE1DE7 /* Pods */ = {
			isa = PBXGroup;
			children = (
				F14FC312EDB60C9E57FB291C /* Pods-ShenmaoProject.debug.xcconfig */,
				240050ED4BBAFACB65BEDF9F /* Pods-ShenmaoProject.release.xcconfig */,
			);
			name = Pods;
			sourceTree = "<group>";
		};
		C6E17672332B4587B27D8E2F /* Frameworks */ = {
			isa = PBXGroup;
			children = (
				89E6D8B8813D4AF67E791135 /* libPods-ShenmaoProject.a */,
			);
			name = Frameworks;
			sourceTree = "<group>";
		};
		E877463F1D9115F3001BABB5 /* Lib */ = {
			isa = PBXGroup;
			children = (
				E87746401D9115F3001BABB5 /* DZNSegmentedControl */,
			);
			name = Lib;
			path = ShenmaoProject/Classes/Common/Lib;
			sourceTree = SOURCE_ROOT;
		};
		E87746401D9115F3001BABB5 /* DZNSegmentedControl */ = {
			isa = PBXGroup;
			children = (
				E87746411D9115F3001BABB5 /* DZNSegmentedControl.h */,
				E87746421D9115F3001BABB5 /* DZNSegmentedControl.m */,
				E87746431D9115F3001BABB5 /* UIScrollView+DZNSegmentedControl.h */,
				E87746441D9115F3001BABB5 /* UIScrollView+DZNSegmentedControl.m */,
			);
			path = DZNSegmentedControl;
			sourceTree = "<group>";
		};
		E877464A1D91344B001BABB5 /* model */ = {
			isa = PBXGroup;
			children = (
				E877464B1D91344B001BABB5 /* BaseItem.h */,
				E877464C1D91344B001BABB5 /* BaseItem.m */,
			);
			path = model;
			sourceTree = "<group>";
		};
		E877464E1D9139BC001BABB5 /* Search */ = {
			isa = PBXGroup;
			children = (
				E877464F1D9139BC001BABB5 /* SearchViewController.h */,
				E87746501D9139BC001BABB5 /* SearchViewController.m */,
			);
			name = Search;
			path = ShenmaoProject/Classes/Common/MainController/Search;
			sourceTree = SOURCE_ROOT;
		};
		E8DA634F1D87CCF500E68DEB /* Network */ = {
			isa = PBXGroup;
			children = (
				E8DA63501D87CD6100E68DEB /* ApiConstansts.h */,
				E8DA63571D87D0E400E68DEB /* SMHttpRequste.h */,
				E8DA63581D87D0E400E68DEB /* SMHttpRequste.m */,
			);
			path = Network;
			sourceTree = "<group>";
		};
		E8DA635A1D87E21400E68DEB /* Header */ = {
			isa = PBXGroup;
			children = (
				E8DA635B1D87E24300E68DEB /* Constent.h */,
				E8DA635C1D87E38F00E68DEB /* XSMMacros.h */,
			);
			path = Header;
			sourceTree = "<group>";
		};
		E8DA635D1D87E8C400E68DEB /* Home(首页) */ = {
			isa = PBXGroup;
			children = (
				E8DA635E1D87E8C400E68DEB /* Controller */,
				E8DA63611D87E8C400E68DEB /* Model */,
				E8DA63621D87E8C400E68DEB /* View */,
			);
			path = "Home(首页)";
			sourceTree = "<group>";
		};
		E8DA635E1D87E8C400E68DEB /* Controller */ = {
			isa = PBXGroup;
			children = (
				E8DA635F1D87E8C400E68DEB /* HomeViewController.h */,
				E8DA63601D87E8C400E68DEB /* HomeViewController.m */,
			);
			path = Controller;
			sourceTree = "<group>";
		};
		E8DA63611D87E8C400E68DEB /* Model */ = {
			isa = PBXGroup;
			children = (
				E8DA63641D87E90900E68DEB /* HomeModel.h */,
				E8DA63651D87E90900E68DEB /* HomeModel.m */,
			);
			name = Model;
			path = model;
			sourceTree = "<group>";
		};
		E8DA63621D87E8C400E68DEB /* View */ = {
			isa = PBXGroup;
			children = (
				E864338F1D88E2A000042D94 /* HomePageView.h */,
				E86433901D88E2A000042D94 /* HomePageView.m */,
			);
			path = View;
			sourceTree = "<group>";
		};
		EA155F391D83111700A62338 = {
			isa = PBXGroup;
			children = (
				EA155F441D83111700A62338 /* ShenmaoProject */,
				EA155F431D83111700A62338 /* Products */,
				35B85CC7CD88A919D6EE1DE7 /* Pods */,
				C6E17672332B4587B27D8E2F /* Frameworks */,
			);
			sourceTree = "<group>";
		};
		EA155F431D83111700A62338 /* Products */ = {
			isa = PBXGroup;
			children = (
				EA155F421D83111700A62338 /* ShenmaoProject.app */,
			);
			name = Products;
			sourceTree = "<group>";
		};
		EA155F441D83111700A62338 /* ShenmaoProject */ = {
			isa = PBXGroup;
			children = (
				EA155F5E1D83166600A62338 /* Classes */,
				EA155F481D83111700A62338 /* AppDelegate.h */,
				EA155F491D83111700A62338 /* AppDelegate.m */,
				EA155F451D83111700A62338 /* Supporting Files */,
			);
			path = ShenmaoProject;
			sourceTree = "<group>";
		};
		EA155F451D83111700A62338 /* Supporting Files */ = {
			isa = PBXGroup;
			children = (
				E8EB3F9B1D8686A90078CCD6 /* PrefixHeader.pch */,
				EA155F511D83111700A62338 /* Assets.xcassets */,
				EA155F531D83111700A62338 /* LaunchScreen.storyboard */,
				EA155F561D83111700A62338 /* Info.plist */,
				EA155F461D83111700A62338 /* main.m */,
			);
			name = "Supporting Files";
			sourceTree = "<group>";
		};
		EA155F5E1D83166600A62338 /* Classes */ = {
			isa = PBXGroup;
			children = (
				EA155F5F1D83166600A62338 /* Common */,
				E8DA635D1D87E8C400E68DEB /* Home(首页) */,
				EA155F631D83166600A62338 /* Movie(电影) */,
				EA155F641D83166600A62338 /* Music(音乐) */,
				EA155F651D83166600A62338 /* Reading(阅读) */,
			);
			name = Classes;
			path = classes;
			sourceTree = "<group>";
		};
		EA155F5F1D83166600A62338 /* Common */ = {
			isa = PBXGroup;
			children = (
				E877464A1D91344B001BABB5 /* model */,
				EAD5634C1D852FC000CA79C2 /* ShenmaoBaseViewController.h */,
				EAD5634D1D852FC000CA79C2 /* ShenmaoBaseViewController.m */,
				E877463F1D9115F3001BABB5 /* Lib */,
				E8DA635A1D87E21400E68DEB /* Header */,
				E8DA634F1D87CCF500E68DEB /* Network */,
				EAD563481D84905800CA79C2 /* Category */,
				EA155F611D83166600A62338 /* MainController */,
			);
			name = Common;
			path = common;
			sourceTree = "<group>";
		};
		EA155F611D83166600A62338 /* MainController */ = {
			isa = PBXGroup;
			children = (
				E877464E1D9139BC001BABB5 /* Search */,
				EA155F661D83169F00A62338 /* CustomViewController.h */,
				EA155F671D83169F00A62338 /* CustomViewController.m */,
				EA155F751D8319E100A62338 /* MainNavigationViewController.h */,
				EA155F761D8319E100A62338 /* MainNavigationViewController.m */,
			);
			path = MainController;
			sourceTree = "<group>";
		};
		EA155F631D83166600A62338 /* Movie(电影) */ = {
			isa = PBXGroup;
			children = (
				EA155F6C1D83189200A62338 /* MovieViewController.h */,
				EA155F6D1D83189200A62338 /* MovieViewController.m */,
			);
			path = "Movie(电影)";
			sourceTree = "<group>";
		};
		EA155F641D83166600A62338 /* Music(音乐) */ = {
			isa = PBXGroup;
			children = (
				EA155F6F1D8318A100A62338 /* MusicViewController.h */,
				EA155F701D8318A100A62338 /* MusicViewController.m */,
			);
			path = "Music(音乐)";
			sourceTree = "<group>";
		};
		EA155F651D83166600A62338 /* Reading(阅读) */ = {
			isa = PBXGroup;
			children = (
				EA155F721D8318AA00A62338 /* ReadingViewController.h */,
				EA155F731D8318AA00A62338 /* ReadingViewController.m */,
			);
			path = "Reading(阅读)";
			sourceTree = "<group>";
		};
		EAD563481D84905800CA79C2 /* Category */ = {
			isa = PBXGroup;
			children = (
				E8DA29CA1D8E76B50053DB84 /* NSString+MLBUtilities.h */,
				E8DA29CB1D8E76B50053DB84 /* NSString+MLBUtilities.m */,
				EAD563491D84905800CA79C2 /* UIBarButtonItem+CustomUIBarButton.h */,
				EAD5634A1D84905800CA79C2 /* UIButton+UIBarButtonItem.m */,
				E8EB3F941D867A250078CCD6 /* UIButton+CustomButton.h */,
				E8EB3F951D867A250078CCD6 /* UIButton+CustomButton.m */,
				E8E80AF51D87952F001B0A9E /* UIView+Frame.h */,
				E8E80AF61D87952F001B0A9E /* UIView+Frame.m */,
				E8DA29C71D8E62B70053DB84 /* UIView+MLBShowHUD.h */,
				E8DA29C81D8E62B70053DB84 /* UIView+MLBShowHUD.m */,
			);
			path = Category;
			sourceTree = "<group>";
		};
/* End PBXGroup section */

/* Begin PBXNativeTarget section */
		EA155F411D83111700A62338 /* ShenmaoProject */ = {
			isa = PBXNativeTarget;
			buildConfigurationList = EA155F591D83111700A62338 /* Build configuration list for PBXNativeTarget "ShenmaoProject" */;
			buildPhases = (
				B975A783D6AE010D4676341F /* 📦 Check Pods Manifest.lock */,
				EA155F3E1D83111700A62338 /* Sources */,
				EA155F3F1D83111700A62338 /* Frameworks */,
				EA155F401D83111700A62338 /* Resources */,
				1D0520B288D117649DF57D58 /* 📦 Embed Pods Frameworks */,
				105CACACBF67F0290F745656 /* 📦 Copy Pods Resources */,
				771D790AF1B59BDE3ED183AA /* Embed Pods Frameworks */,
			);
			buildRules = (
			);
			dependencies = (
			);
			name = ShenmaoProject;
			productName = ShenmaoProject;
			productReference = EA155F421D83111700A62338 /* ShenmaoProject.app */;
			productType = "com.apple.product-type.application";
		};
/* End PBXNativeTarget section */

/* Begin PBXProject section */
		EA155F3A1D83111700A62338 /* Project object */ = {
			isa = PBXProject;
			attributes = {
				CLASSPREFIX = SM;
				LastUpgradeCheck = 0720;
				ORGANIZATIONNAME = "神猫";
				TargetAttributes = {
					EA155F411D83111700A62338 = {
						CreatedOnToolsVersion = 7.2;
						DevelopmentTeam = CG95UZ6KD2;
					};
				};
			};
			buildConfigurationList = EA155F3D1D83111700A62338 /* Build configuration list for PBXProject "ShenmaoProject" */;
			compatibilityVersion = "Xcode 3.2";
			developmentRegion = English;
			hasScannedForEncodings = 0;
			knownRegions = (
				en,
				Base,
			);
			mainGroup = EA155F391D83111700A62338;
			productRefGroup = EA155F431D83111700A62338 /* Products */;
			projectDirPath = "";
			projectRoot = "";
			targets = (
				EA155F411D83111700A62338 /* ShenmaoProject */,
			);
		};
/* End PBXProject section */

/* Begin PBXResourcesBuildPhase section */
		EA155F401D83111700A62338 /* Resources */ = {
			isa = PBXResourcesBuildPhase;
			buildActionMask = 2147483647;
			files = (
				EA155F551D83111700A62338 /* LaunchScreen.storyboard in Resources */,
				EA155F521D83111700A62338 /* Assets.xcassets in Resources */,
			);
			runOnlyForDeploymentPostprocessing = 0;
		};
/* End PBXResourcesBuildPhase section */

/* Begin PBXShellScriptBuildPhase section */
		105CACACBF67F0290F745656 /* 📦 Copy Pods Resources */ = {
			isa = PBXShellScriptBuildPhase;
			buildActionMask = 2147483647;
			files = (
			);
			inputPaths = (
			);
			name = "📦 Copy Pods Resources";
			outputPaths = (
			);
			runOnlyForDeploymentPostprocessing = 0;
			shellPath = /bin/sh;
			shellScript = "\"${SRCROOT}/Pods/Target Support Files/Pods-ShenmaoProject/Pods-ShenmaoProject-resources.sh\"\n";
			showEnvVarsInLog = 0;
		};
		1D0520B288D117649DF57D58 /* 📦 Embed Pods Frameworks */ = {
			isa = PBXShellScriptBuildPhase;
			buildActionMask = 2147483647;
			files = (
			);
			inputPaths = (
			);
			name = "📦 Embed Pods Frameworks";
			outputPaths = (
			);
			runOnlyForDeploymentPostprocessing = 0;
			shellPath = /bin/sh;
			shellScript = "\"${SRCROOT}/Pods/Target Support Files/Pods-ShenmaoProject/Pods-ShenmaoProject-frameworks.sh\"\n";
			showEnvVarsInLog = 0;
		};
		771D790AF1B59BDE3ED183AA /* Embed Pods Frameworks */ = {
			isa = PBXShellScriptBuildPhase;
			buildActionMask = 2147483647;
			files = (
			);
			inputPaths = (
			);
			name = "Embed Pods Frameworks";
			outputPaths = (
			);
			runOnlyForDeploymentPostprocessing = 0;
			shellPath = /bin/sh;
			shellScript = "\"${SRCROOT}/Pods/Target Support Files/Pods-ShenmaoProject/Pods-ShenmaoProject-frameworks.sh\"\n";
			showEnvVarsInLog = 0;
		};
		B975A783D6AE010D4676341F /* 📦 Check Pods Manifest.lock */ = {
			isa = PBXShellScriptBuildPhase;
			buildActionMask = 2147483647;
			files = (
			);
			inputPaths = (
			);
			name = "📦 Check Pods Manifest.lock";
			outputPaths = (
			);
			runOnlyForDeploymentPostprocessing = 0;
			shellPath = /bin/sh;
			shellScript = "diff \"${PODS_ROOT}/../Podfile.lock\" \"${PODS_ROOT}/Manifest.lock\" > /dev/null\nif [[ $? != 0 ]] ; then\n    cat << EOM\nerror: The sandbox is not in sync with the Podfile.lock. Run 'pod install' or update your CocoaPods installation.\nEOM\n    exit 1\nfi\n";
			showEnvVarsInLog = 0;
		};
/* End PBXShellScriptBuildPhase section */

/* Begin PBXSourcesBuildPhase section */
		EA155F3E1D83111700A62338 /* Sources */ = {
			isa = PBXSourcesBuildPhase;
			buildActionMask = 2147483647;
			files = (
				E86433911D88E2A000042D94 /* HomePageView.m in Sources */,
				E8E80AF71D87952F001B0A9E /* UIView+Frame.m in Sources */,
				EA155F711D8318A100A62338 /* MusicViewController.m in Sources */,
				E8EB3F961D867A250078CCD6 /* UIButton+CustomButton.m in Sources */,
				E87746461D9115F3001BABB5 /* UIScrollView+DZNSegmentedControl.m in Sources */,
				E877464D1D91344B001BABB5 /* BaseItem.m in Sources */,
				EA155F4A1D83111700A62338 /* AppDelegate.m in Sources */,
				EA155F6E1D83189200A62338 /* MovieViewController.m in Sources */,
				EA155F681D83169F00A62338 /* CustomViewController.m in Sources */,
				EA155F741D8318AA00A62338 /* ReadingViewController.m in Sources */,
				EA155F771D8319E100A62338 /* MainNavigationViewController.m in Sources */,
				E8DA63591D87D0E400E68DEB /* SMHttpRequste.m in Sources */,
				EA155F471D83111700A62338 /* main.m in Sources */,
				E87746511D9139BC001BABB5 /* SearchViewController.m in Sources */,
				E8DA29CC1D8E76B50053DB84 /* NSString+MLBUtilities.m in Sources */,
				EAD5634B1D84905800CA79C2 /* UIButton+UIBarButtonItem.m in Sources */,
				E87746451D9115F3001BABB5 /* DZNSegmentedControl.m in Sources */,
				EAD5634E1D852FC000CA79C2 /* ShenmaoBaseViewController.m in Sources */,
				E8DA63661D87E90900E68DEB /* HomeModel.m in Sources */,
				E8DA63631D87E8C400E68DEB /* HomeViewController.m in Sources */,
				E8DA29C91D8E62B70053DB84 /* UIView+MLBShowHUD.m in Sources */,
			);
			runOnlyForDeploymentPostprocessing = 0;
		};
/* End PBXSourcesBuildPhase section */

/* Begin PBXVariantGroup section */
		EA155F531D83111700A62338 /* LaunchScreen.storyboard */ = {
			isa = PBXVariantGroup;
			children = (
				EA155F541D83111700A62338 /* Base */,
			);
			name = LaunchScreen.storyboard;
			sourceTree = "<group>";
		};
/* End PBXVariantGroup section */

/* Begin XCBuildConfiguration section */
		EA155F571D83111700A62338 /* Debug */ = {
			isa = XCBuildConfiguration;
			buildSettings = {
				ALWAYS_SEARCH_USER_PATHS = NO;
				CLANG_CXX_LANGUAGE_STANDARD = "gnu++0x";
				CLANG_CXX_LIBRARY = "libc++";
				CLANG_ENABLE_MODULES = YES;
				CLANG_ENABLE_OBJC_ARC = YES;
				CLANG_WARN_BOOL_CONVERSION = YES;
				CLANG_WARN_CONSTANT_CONVERSION = YES;
				CLANG_WARN_DIRECT_OBJC_ISA_USAGE = YES_ERROR;
				CLANG_WARN_EMPTY_BODY = YES;
				CLANG_WARN_ENUM_CONVERSION = YES;
				CLANG_WARN_INT_CONVERSION = YES;
				CLANG_WARN_OBJC_ROOT_CLASS = YES_ERROR;
				CLANG_WARN_UNREACHABLE_CODE = YES;
				CLANG_WARN__DUPLICATE_METHOD_MATCH = YES;
				"CODE_SIGN_IDENTITY[sdk=iphoneos*]" = "iPhone Developer";
				COPY_PHASE_STRIP = NO;
				DEBUG_INFORMATION_FORMAT = dwarf;
				ENABLE_STRICT_OBJC_MSGSEND = YES;
				ENABLE_TESTABILITY = YES;
				GCC_C_LANGUAGE_STANDARD = gnu99;
				GCC_DYNAMIC_NO_PIC = NO;
				GCC_NO_COMMON_BLOCKS = YES;
				GCC_OPTIMIZATION_LEVEL = 0;
				GCC_PRECOMPILE_PREFIX_HEADER = NO;
				GCC_PREPROCESSOR_DEFINITIONS = (
					"DEBUG=1",
					"$(inherited)",
				);
				GCC_WARN_64_TO_32_BIT_CONVERSION = YES;
				GCC_WARN_ABOUT_RETURN_TYPE = YES_ERROR;
				GCC_WARN_UNDECLARED_SELECTOR = YES;
				GCC_WARN_UNINITIALIZED_AUTOS = YES_AGGRESSIVE;
				GCC_WARN_UNUSED_FUNCTION = YES;
				GCC_WARN_UNUSED_VARIABLE = YES;
				IPHONEOS_DEPLOYMENT_TARGET = 9.2;
				MTL_ENABLE_DEBUG_INFO = YES;
				ONLY_ACTIVE_ARCH = YES;
				SDKROOT = iphoneos;
			};
			name = Debug;
		};
		EA155F581D83111700A62338 /* Release */ = {
			isa = XCBuildConfiguration;
			buildSettings = {
				ALWAYS_SEARCH_USER_PATHS = NO;
				CLANG_CXX_LANGUAGE_STANDARD = "gnu++0x";
				CLANG_CXX_LIBRARY = "libc++";
				CLANG_ENABLE_MODULES = YES;
				CLANG_ENABLE_OBJC_ARC = YES;
				CLANG_WARN_BOOL_CONVERSION = YES;
				CLANG_WARN_CONSTANT_CONVERSION = YES;
				CLANG_WARN_DIRECT_OBJC_ISA_USAGE = YES_ERROR;
				CLANG_WARN_EMPTY_BODY = YES;
				CLANG_WARN_ENUM_CONVERSION = YES;
				CLANG_WARN_INT_CONVERSION = YES;
				CLANG_WARN_OBJC_ROOT_CLASS = YES_ERROR;
				CLANG_WARN_UNREACHABLE_CODE = YES;
				CLANG_WARN__DUPLICATE_METHOD_MATCH = YES;
				"CODE_SIGN_IDENTITY[sdk=iphoneos*]" = "iPhone Developer";
				COPY_PHASE_STRIP = NO;
				DEBUG_INFORMATION_FORMAT = "dwarf-with-dsym";
				ENABLE_NS_ASSERTIONS = NO;
				ENABLE_STRICT_OBJC_MSGSEND = YES;
				GCC_C_LANGUAGE_STANDARD = gnu99;
				GCC_NO_COMMON_BLOCKS = YES;
				GCC_PRECOMPILE_PREFIX_HEADER = NO;
				GCC_WARN_64_TO_32_BIT_CONVERSION = YES;
				GCC_WARN_ABOUT_RETURN_TYPE = YES_ERROR;
				GCC_WARN_UNDECLARED_SELECTOR = YES;
				GCC_WARN_UNINITIALIZED_AUTOS = YES_AGGRESSIVE;
				GCC_WARN_UNUSED_FUNCTION = YES;
				GCC_WARN_UNUSED_VARIABLE = YES;
				IPHONEOS_DEPLOYMENT_TARGET = 9.2;
				MTL_ENABLE_DEBUG_INFO = NO;
				SDKROOT = iphoneos;
				VALIDATE_PRODUCT = YES;
			};
			name = Release;
		};
		EA155F5A1D83111700A62338 /* Debug */ = {
			isa = XCBuildConfiguration;
			baseConfigurationReference = F14FC312EDB60C9E57FB291C /* Pods-ShenmaoProject.debug.xcconfig */;
			buildSettings = {
				ASSETCATALOG_COMPILER_APPICON_NAME = AppIcon;
				CODE_SIGN_IDENTITY = "iPhone Developer";
				"CODE_SIGN_IDENTITY[sdk=iphoneos*]" = "iPhone Developer";
				GCC_PRECOMPILE_PREFIX_HEADER = YES;
				GCC_PREFIX_HEADER = ShenmaoProject/PrefixHeader.pch;
				INFOPLIST_FILE = ShenmaoProject/Info.plist;
				IPHONEOS_DEPLOYMENT_TARGET = 8.0;
				LD_RUNPATH_SEARCH_PATHS = "$(inherited) @executable_path/Frameworks";
				PRODUCT_BUNDLE_IDENTIFIER = xiaoshenmao.com.Github.Mao.ShenmaoProject;
				PRODUCT_NAME = "$(TARGET_NAME)";
				PROVISIONING_PROFILE = "";
			};
			name = Debug;
		};
		EA155F5B1D83111700A62338 /* Release */ = {
			isa = XCBuildConfiguration;
			baseConfigurationReference = 240050ED4BBAFACB65BEDF9F /* Pods-ShenmaoProject.release.xcconfig */;
			buildSettings = {
				ASSETCATALOG_COMPILER_APPICON_NAME = AppIcon;
				CODE_SIGN_IDENTITY = "iPhone Developer";
				"CODE_SIGN_IDENTITY[sdk=iphoneos*]" = "iPhone Developer";
				GCC_PRECOMPILE_PREFIX_HEADER = YES;
				GCC_PREFIX_HEADER = ShenmaoProject/PrefixHeader.pch;
				INFOPLIST_FILE = ShenmaoProject/Info.plist;
				IPHONEOS_DEPLOYMENT_TARGET = 8.0;
				LD_RUNPATH_SEARCH_PATHS = "$(inherited) @executable_path/Frameworks";
				PRODUCT_BUNDLE_IDENTIFIER = xiaoshenmao.com.Github.Mao.ShenmaoProject;
				PRODUCT_NAME = "$(TARGET_NAME)";
				PROVISIONING_PROFILE = "";
			};
			name = Release;
		};
/* End XCBuildConfiguration section */

/* Begin XCConfigurationList section */
		EA155F3D1D83111700A62338 /* Build configuration list for PBXProject "ShenmaoProject" */ = {
			isa = XCConfigurationList;
			buildConfigurations = (
				EA155F571D83111700A62338 /* Debug */,
				EA155F581D83111700A62338 /* Release */,
			);
			defaultConfigurationIsVisible = 0;
			defaultConfigurationName = Release;
		};
		EA155F591D83111700A62338 /* Build configuration list for PBXNativeTarget "ShenmaoProject" */ = {
			isa = XCConfigurationList;
			buildConfigurations = (
				EA155F5A1D83111700A62338 /* Debug */,
				EA155F5B1D83111700A62338 /* Release */,
			);
			defaultConfigurationIsVisible = 0;
			defaultConfigurationName = Release;
		};
/* End XCConfigurationList section */
	};
	rootObject = EA155F3A1D83111700A62338 /* Project object */;
}
